{
  "name": "sv-excel-json-each",
  "lockfileVersion": 3,
  "requires": true,
  "packages": {
    "": {
      "name": "sv-excel-json-each",
      "dependencies": {
        "sv-excel-json-handler": "file:../common/sv-excel-json-handler"
      }
    },
    "../common/sv-excel-json-handler": {
      "version": "1.0.0",
      "license": "ISC"
    },
    "node_modules/sv-excel-json-handler": {
      "resolved": "../common/sv-excel-json-handler",
      "link": true
    }
  }
}
