{
  "name": "sv-handle-res",
  "version": "1.0.0",
  "lockfileVersion": 3,
  "requires": true,
  "packages": {
    "": {
      "name": "sv-handle-res",
      "version": "1.0.0",
      "license": "ISC",
      "dependencies": {
        "lodash.chunk": "^4.2.0",
        "uni-id-common": "file:../../../../../uni-id-common/uniCloud/cloudfunctions/common/uni-id-common"
      }
    },
    "../../../../../uni-id-common/uniCloud/cloudfunctions/common/uni-id-common": {
      "version": "1.0.16",
      "license": "Apache-2.0",
      "dependencies": {
        "uni-config-center": "file:../../../../../uni-config-center/uniCloud/cloudfunctions/common/uni-config-center"
      }
    },
    "node_modules/lodash.chunk": {
      "version": "4.2.0",
      "resolved": "https://registry.npmmirror.com/lodash.chunk/-/lodash.chunk-4.2.0.tgz",
      "integrity": "sha512-ZzydJKfUHJwHa+hF5X66zLFCBrWn5GeF28OHEr4WVWtNDXlQ/IjWKPBiikqKo2ne0+v6JgCgJ0GzJp8k8bHC7w=="
    },
    "node_modules/uni-id-common": {
      "resolved": "../../../../../uni-id-common/uniCloud/cloudfunctions/common/uni-id-common",
      "link": true
    }
  }
}
