{
  "name": "uni-captcha-co",
  "lockfileVersion": 3,
  "requires": true,
  "packages": {
    "": {
      "name": "uni-captcha-co",
      "dependencies": {
        "uni-captcha": "file:../common/uni-captcha",
        "uni-config-center": "file:../../../../uni-config-center/uniCloud/cloudfunctions/common/uni-config-center"
      }
    },
    "../../../../uni-config-center/uniCloud/cloudfunctions/common/uni-config-center": {
      "version": "0.0.3",
      "license": "Apache-2.0"
    },
    "../common/uni-captcha": {
      "version": "0.7.0",
      "license": "Apache-2.0",
      "dependencies": {
        "uni-config-center": "file:../../../../../uni-config-center/uniCloud/cloudfunctions/common/uni-config-center"
      }
    },
    "node_modules/uni-captcha": {
      "resolved": "../common/uni-captcha",
      "link": true
    },
    "node_modules/uni-config-center": {
      "resolved": "../../../../uni-config-center/uniCloud/cloudfunctions/common/uni-config-center",
      "link": true
    }
  }
}
