{
  "name": "uni-id-common",
  "version": "1.0.16",
  "lockfileVersion": 3,
  "requires": true,
  "packages": {
    "": {
      "name": "uni-id-common",
      "version": "1.0.16",
      "license": "Apache-2.0",
      "dependencies": {
        "uni-config-center": "file:../../../../../uni-config-center/uniCloud/cloudfunctions/common/uni-config-center"
      }
    },
    "../../../../../uni-config-center/uniCloud/cloudfunctions/common/uni-config-center": {
      "version": "0.0.3",
      "license": "Apache-2.0"
    },
    "node_modules/uni-config-center": {
      "resolved": "../../../../../uni-config-center/uniCloud/cloudfunctions/common/uni-config-center",
      "link": true
    }
  }
}
