{
  "name": "sv-handle-res",
  "version": "1.0.0",
  "lockfileVersion": 1,
  "requires": true,
  "dependencies": {
    "lodash.chunk": {
      "version": "4.2.0",
      "resolved": "https://registry.npmjs.org/lodash.chunk/-/lodash.chunk-4.2.0.tgz",
      "integrity": "sha512-ZzydJKfUHJwHa+hF5X66zLFCBrWn5GeF28OHEr4WVWtNDXlQ/IjWKPBiikqKo2ne0+v6JgCgJ0GzJp8k8bHC7w=="
    },
    "uni-id-common": {
      "version": "file:../../../../../uni-id-common/uniCloud/cloudfunctions/common/uni-id-common",
      "requires": {
        "uni-config-center": "file:../../../../../uni-config-center/uniCloud/cloudfunctions/common/uni-config-center"
      },
      "dependencies": {
        "uni-config-center": {
          "version": "file:../../../../../uni-config-center/uniCloud/cloudfunctions/common/uni-config-center"
        }
      }
    }
  }
}
