{
  "name": "sv-api-sys",
  "lockfileVersion": 3,
  "requires": true,
  "packages": {
    "": {
      "name": "sv-api-sys",
      "dependencies": {
        "sv-handle-res": "file:../../../uni_modules/sv-id-pages/uniCloud/cloudfunctions/common/sv-handle-res"
      }
    },
    "../../../uni_modules/sv-id-pages/uniCloud/cloudfunctions/common/sv-handle-res": {
      "version": "1.0.0",
      "license": "ISC",
      "dependencies": {
        "lodash.chunk": "^4.2.0",
        "uni-id-common": "file:../../../../../uni-id-common/uniCloud/cloudfunctions/common/uni-id-common"
      }
    },
    "node_modules/sv-handle-res": {
      "resolved": "../../../uni_modules/sv-id-pages/uniCloud/cloudfunctions/common/sv-handle-res",
      "link": true
    }
  }
}
