{
  "name": "getExcelToJson",
  "version": "1.0.0",
  "lockfileVersion": 3,
  "requires": true,
  "packages": {
    "": {
      "name": "getExcelToJson",
      "version": "1.0.0",
      "license": "ISC",
      "dependencies": {
        "ml-excel-to-json": "file:../common/ml-excel-to-json"
      }
    },
    "../common/ml-excel-to-json": {
      "version": "2.0.0",
      "license": "ISC"
    },
    "node_modules/ml-excel-to-json": {
      "resolved": "../common/ml-excel-to-json",
      "link": true
    }
  }
}
